{
  "version": 4,
  "terraform_version": "1.15.1",
  "serial": 1,
  "lineage": "9d697138-b9df-13df-40a0-562819f3f7fe",
  "outputs": {
    "monitoring_ip": {
      "value": "192.168.1.62",
      "type": "string"
    }
  },
  "resources": [
    {
      "mode": "managed",
      "type": "virtualbox_vm",
      "name": "monitoring_node",
      "provider": "provider[\"registry.terraform.io/terra-farm/virtualbox\"]",
      "instances": [
        {
          "schema_version": 0,
          "attributes": {
            "boot_order": null,
            "checksum": null,
            "checksum_type": null,
            "cpus": 2,
            "id": "d97a2ca3-dbc6-40e6-98fd-f835d6b54081",
            "image": "https://vagrantcloud.com/generic/boxes/debian11/versions/4.3.12/providers/virtualbox.box",
            "memory": "2.0 gib",
            "name": "vm_monitoring",
            "network_adapter": [
              {
                "device": "IntelPro1000MTServer",
                "host_interface": "Realtek Gaming 2.5GbE Family Controller",
                "ipv4_address": "192.168.1.51",
                "ipv4_address_available": "yes",
                "mac_address": "080027F14702",
                "status": "up",
                "type": "bridged"
              }
            ],
            "optical_disks": null,
            "status": "running",
            "url": null,
            "user_data": null
          },
          "sensitive_attributes": [],
          "identity_schema_version": 0,
          "private": "bnVsbA=="
        }
      ]
    }
  ],
  "check_results": null
}
